
Microsoft Visual Studio Solution File, Format Version 12.00
# Visual Studio Version 17
VisualStudioVersion = 17.9.34728.123
MinimumVisualStudioVersion = 10.0.40219.1
Project("{9A19103F-16F7-4668-BE54-9A1E7A4F7556}") = "The Movies", "The Movies\The Movies.csproj", "{12640366-6545-48F6-88A7-2AB280024124}"
EndProject
Global
	GlobalSection(SolutionConfigurationPlatforms) = preSolution
		Debug|Any CPU = Debug|Any CPU
		Release|Any CPU = Release|Any CPU
	EndGlobalSection
	GlobalSection(ProjectConfigurationPlatforms) = postSolution
		{12640366-6545-48F6-88A7-2AB280024124}.Debug|Any CPU.ActiveCfg = Debug|Any CPU
		{12640366-6545-48F6-88A7-2AB280024124}.Debug|Any CPU.Build.0 = Debug|Any CPU
		{12640366-6545-48F6-88A7-2AB280024124}.Release|Any CPU.ActiveCfg = Release|Any CPU
		{12640366-6545-48F6-88A7-2AB280024124}.Release|Any CPU.Build.0 = Release|Any CPU
	EndGlobalSection
	GlobalSection(SolutionProperties) = preSolution
		HideSolutionNode = FALSE
	EndGlobalSection
	GlobalSection(ExtensibilityGlobals) = postSolution
		SolutionGuid = {C990F3D6-4D5E-474D-80B5-CE546B1DE646}
	EndGlobalSection
EndGlobal
